
Microsoft Visual Studio Solution File, Format Version 12.00
# Visual Studio Version 16
VisualStudioVersion = 16.0.30907.101
MinimumVisualStudioVersion = 10.0.40219.1
Project("{FAE04EC0-301F-11D3-BF4B-00C04F79EFBC}") = "Shukhlyada.Api", "Shukhlyada.Api\Shukhlyada.Api.csproj", "{F8DBF90A-A63A-4B1F-958C-6F0D2B4C00BE}"
EndProject
Global
	GlobalSection(SolutionConfigurationPlatforms) = preSolution
		Debug|Any CPU = Debug|Any CPU
		Release|Any CPU = Release|Any CPU
	EndGlobalSection
	GlobalSection(ProjectConfigurationPlatforms) = postSolution
		{F8DBF90A-A63A-4B1F-958C-6F0D2B4C00BE}.Debug|Any CPU.ActiveCfg = Debug|Any CPU
		{F8DBF90A-A63A-4B1F-958C-6F0D2B4C00BE}.Debug|Any CPU.Build.0 = Debug|Any CPU
		{F8DBF90A-A63A-4B1F-958C-6F0D2B4C00BE}.Release|Any CPU.ActiveCfg = Release|Any CPU
		{F8DBF90A-A63A-4B1F-958C-6F0D2B4C00BE}.Release|Any CPU.Build.0 = Release|Any CPU
	EndGlobalSection
	GlobalSection(SolutionProperties) = preSolution
		HideSolutionNode = FALSE
	EndGlobalSection
	GlobalSection(ExtensibilityGlobals) = postSolution
		SolutionGuid = {00A50E88-F197-4954-994A-93F1BEE4EE06}
	EndGlobalSection
EndGlobal
