
Microsoft Visual Studio Solution File, Format Version 12.00
# Visual Studio Version 16
VisualStudioVersion = 16.0.30907.101
MinimumVisualStudioVersion = 10.0.40219.1
Project("{9A19103F-16F7-4668-BE54-9A1E7A4F7556}") = "Shukhlyada.Api", "Shukhlyada.Api\Shukhlyada.Api.csproj", "{F8DBF90A-A63A-4B1F-958C-6F0D2B4C00BE}"
EndProject
Project("{9A19103F-16F7-4668-BE54-9A1E7A4F7556}") = "Shukhlyada.Infrastructure", "Wisemoney.Infrastructure\Shukhlyada.Infrastructure.csproj", "{743C8BD4-8609-43D5-BC17-73A7B7E76830}"
EndProject
Project("{9A19103F-16F7-4668-BE54-9A1E7A4F7556}") = "Shukhlyada.Domain", "Wisemoney.Domain\Shukhlyada.Domain.csproj", "{1ECB3AD2-C576-4346-9039-7A4A611E1E08}"
EndProject
Project("{9A19103F-16F7-4668-BE54-9A1E7A4F7556}") = "Shukhlyada.BusinessLogic", "Wisemoney.BusinessLogic\Shukhlyada.BusinessLogic.csproj", "{0EBD257A-F2D4-4558-BEC9-AB1921EBFA9D}"
EndProject
Global
	GlobalSection(SolutionConfigurationPlatforms) = preSolution
		Debug|Any CPU = Debug|Any CPU
		Release|Any CPU = Release|Any CPU
	EndGlobalSection
	GlobalSection(ProjectConfigurationPlatforms) = postSolution
		{F8DBF90A-A63A-4B1F-958C-6F0D2B4C00BE}.Debug|Any CPU.ActiveCfg = Debug|Any CPU
		{F8DBF90A-A63A-4B1F-958C-6F0D2B4C00BE}.Debug|Any CPU.Build.0 = Debug|Any CPU
		{F8DBF90A-A63A-4B1F-958C-6F0D2B4C00BE}.Release|Any CPU.ActiveCfg = Release|Any CPU
		{F8DBF90A-A63A-4B1F-958C-6F0D2B4C00BE}.Release|Any CPU.Build.0 = Release|Any CPU
		{743C8BD4-8609-43D5-BC17-73A7B7E76830}.Debug|Any CPU.ActiveCfg = Debug|Any CPU
		{743C8BD4-8609-43D5-BC17-73A7B7E76830}.Debug|Any CPU.Build.0 = Debug|Any CPU
		{743C8BD4-8609-43D5-BC17-73A7B7E76830}.Release|Any CPU.ActiveCfg = Release|Any CPU
		{743C8BD4-8609-43D5-BC17-73A7B7E76830}.Release|Any CPU.Build.0 = Release|Any CPU
		{1ECB3AD2-C576-4346-9039-7A4A611E1E08}.Debug|Any CPU.ActiveCfg = Debug|Any CPU
		{1ECB3AD2-C576-4346-9039-7A4A611E1E08}.Debug|Any CPU.Build.0 = Debug|Any CPU
		{1ECB3AD2-C576-4346-9039-7A4A611E1E08}.Release|Any CPU.ActiveCfg = Release|Any CPU
		{1ECB3AD2-C576-4346-9039-7A4A611E1E08}.Release|Any CPU.Build.0 = Release|Any CPU
		{0EBD257A-F2D4-4558-BEC9-AB1921EBFA9D}.Debug|Any CPU.ActiveCfg = Debug|Any CPU
		{0EBD257A-F2D4-4558-BEC9-AB1921EBFA9D}.Debug|Any CPU.Build.0 = Debug|Any CPU
		{0EBD257A-F2D4-4558-BEC9-AB1921EBFA9D}.Release|Any CPU.ActiveCfg = Release|Any CPU
		{0EBD257A-F2D4-4558-BEC9-AB1921EBFA9D}.Release|Any CPU.Build.0 = Release|Any CPU
	EndGlobalSection
	GlobalSection(SolutionProperties) = preSolution
		HideSolutionNode = FALSE
	EndGlobalSection
	GlobalSection(ExtensibilityGlobals) = postSolution
		SolutionGuid = {00A50E88-F197-4954-994A-93F1BEE4EE06}
	EndGlobalSection
EndGlobal
